
Microsoft Visual Studio Solution File, Format Version 11.00
# Visual Studio 2010
Project("{FAE04EC0-301F-11D3-BF4B-00C04F79EFBC}") = "AlienCity3D_Fase5", "Assembly-CSharp.csproj", "{1899945B-FCC5-D354-5AF9-1AB8ABA77DD9}"
EndProject
Project("{467C6868-FEDD-7DA7-B9EA-5D9F6FD8CE2A}") = "AlienCity3D_Fase5", "Assembly-UnityScript.unityproj", "{73E2AFCC-0756-0779-B437-55D285773181}"
EndProject
Project("{FAE04EC0-301F-11D3-BF4B-00C04F79EFBC}") = "AlienCity3D_Fase5", "Assembly-CSharp-firstpass.csproj", "{5B268ABC-70EF-FAD3-B9BB-D5B5DC270610}"
EndProject
Project("{FAE04EC0-301F-11D3-BF4B-00C04F79EFBC}") = "AlienCity3D_Fase5", "Assembly-CSharp-Editor.csproj", "{FA7E6310-83A6-EC8D-CC4D-B4415AECEC5B}"
EndProject
Global
	GlobalSection(SolutionConfigurationPlatforms) = preSolution
		Debug|Any CPU = Debug|Any CPU
		Release|Any CPU = Release|Any CPU
	EndGlobalSection
	GlobalSection(ProjectConfigurationPlatforms) = postSolution
		{1899945B-FCC5-D354-5AF9-1AB8ABA77DD9}.Debug|Any CPU.ActiveCfg = Debug|Any CPU
		{1899945B-FCC5-D354-5AF9-1AB8ABA77DD9}.Debug|Any CPU.Build.0 = Debug|Any CPU
		{1899945B-FCC5-D354-5AF9-1AB8ABA77DD9}.Release|Any CPU.ActiveCfg = Release|Any CPU
		{1899945B-FCC5-D354-5AF9-1AB8ABA77DD9}.Release|Any CPU.Build.0 = Release|Any CPU
		{73E2AFCC-0756-0779-B437-55D285773181}.Debug|Any CPU.ActiveCfg = Debug|Any CPU
		{73E2AFCC-0756-0779-B437-55D285773181}.Debug|Any CPU.Build.0 = Debug|Any CPU
		{73E2AFCC-0756-0779-B437-55D285773181}.Release|Any CPU.ActiveCfg = Release|Any CPU
		{73E2AFCC-0756-0779-B437-55D285773181}.Release|Any CPU.Build.0 = Release|Any CPU
		{5B268ABC-70EF-FAD3-B9BB-D5B5DC270610}.Debug|Any CPU.ActiveCfg = Debug|Any CPU
		{5B268ABC-70EF-FAD3-B9BB-D5B5DC270610}.Debug|Any CPU.Build.0 = Debug|Any CPU
		{5B268ABC-70EF-FAD3-B9BB-D5B5DC270610}.Release|Any CPU.ActiveCfg = Release|Any CPU
		{5B268ABC-70EF-FAD3-B9BB-D5B5DC270610}.Release|Any CPU.Build.0 = Release|Any CPU
		{FA7E6310-83A6-EC8D-CC4D-B4415AECEC5B}.Debug|Any CPU.ActiveCfg = Debug|Any CPU
		{FA7E6310-83A6-EC8D-CC4D-B4415AECEC5B}.Debug|Any CPU.Build.0 = Debug|Any CPU
		{FA7E6310-83A6-EC8D-CC4D-B4415AECEC5B}.Release|Any CPU.ActiveCfg = Release|Any CPU
		{FA7E6310-83A6-EC8D-CC4D-B4415AECEC5B}.Release|Any CPU.Build.0 = Release|Any CPU
	EndGlobalSection
	GlobalSection(SolutionProperties) = preSolution
		HideSolutionNode = FALSE
	EndGlobalSection
	GlobalSection(MonoDevelopProperties) = preSolution
		StartupItem = Assembly-CSharp.csproj
	EndGlobalSection
EndGlobal
